// !$*UTF8*$!
{
	archiveVersion = 1;
	classes = {
	};
	objectVersion = 50;
	objects = {

/* Begin PBXBuildFile section */
		BA343FED2179AABE009DF8B8 /* AppDelegate.m in Sources */ = {isa = PBXBuildFile; fileRef = BA343FEC2179AABE009DF8B8 /* AppDelegate.m */; };
		BA343FF02179AABE009DF8B8 /* ViewController.m in Sources */ = {isa = PBXBuildFile; fileRef = BA343FEF2179AABE009DF8B8 /* ViewController.m */; };
		BA343FF32179AABE009DF8B8 /* Main.storyboard in Resources */ = {isa = PBXBuildFile; fileRef = BA343FF12179AABE009DF8B8 /* Main.storyboard */; };
		BA343FF52179AAC1009DF8B8 /* Assets.xcassets in Resources */ = {isa = PBXBuildFile; fileRef = BA343FF42179AAC1009DF8B8 /* Assets.xcassets */; };
		BA343FF82179AAC1009DF8B8 /* LaunchScreen.storyboard in Resources */ = {isa = PBXBuildFile; fileRef = BA343FF62179AAC1009DF8B8 /* LaunchScreen.storyboard */; };
		BA343FFB2179AAC1009DF8B8 /* main.m in Sources */ = {isa = PBXBuildFile; fileRef = BA343FFA2179AAC1009DF8B8 /* main.m */; };
		BA3440042179AB0E009DF8B8 /* DZStarView.m in Sources */ = {isa = PBXBuildFile; fileRef = BA3440022179AB0E009DF8B8 /* DZStarView.m */; };
		BA3440062179AC11009DF8B8 /* redstar.png in Resources */ = {isa = PBXBuildFile; fileRef = BA3440052179AC11009DF8B8 /* redstar.png */; };
		BA3440082179AC1C009DF8B8 /* graystar.png in Resources */ = {isa = PBXBuildFile; fileRef = BA3440072179AC1C009DF8B8 /* graystar.png */; };
/* End PBXBuildFile section */

/* Begin PBXFileReference section */
		BA343FE82179AABE009DF8B8 /* DZStarViewDemo.app */ = {isa = PBXFileReference; explicitFileType = wrapper.application; includeInIndex = 0; path = DZStarViewDemo.app; sourceTree = BUILT_PRODUCTS_DIR; };
		BA343FEB2179AABE009DF8B8 /* AppDelegate.h */ = {isa = PBXFileReference; lastKnownFileType = sourcecode.c.h; path = AppDelegate.h; sourceTree = "<group>"; };
		BA343FEC2179AABE009DF8B8 /* AppDelegate.m */ = {isa = PBXFileReference; lastKnownFileType = sourcecode.c.objc; path = AppDelegate.m; sourceTree = "<group>"; };
		BA343FEE2179AABE009DF8B8 /* ViewController.h */ = {isa = PBXFileReference; lastKnownFileType = sourcecode.c.h; path = ViewController.h; sourceTree = "<group>"; };
		BA343FEF2179AABE009DF8B8 /* ViewController.m */ = {isa = PBXFileReference; lastKnownFileType = sourcecode.c.objc; path = ViewController.m; sourceTree = "<group>"; };
		BA343FF22179AABE009DF8B8 /* Base */ = {isa = PBXFileReference; lastKnownFileType = file.storyboard; name = Base; path = Base.lproj/Main.storyboard; sourceTree = "<group>"; };
		BA343FF42179AAC1009DF8B8 /* Assets.xcassets */ = {isa = PBXFileReference; lastKnownFileType = folder.assetcatalog; path = Assets.xcassets; sourceTree = "<group>"; };
		BA343FF72179AAC1009DF8B8 /* Base */ = {isa = PBXFileReference; lastKnownFileType = file.storyboard; name = Base; path = Base.lproj/LaunchScreen.storyboard; sourceTree = "<group>"; };
		BA343FF92179AAC1009DF8B8 /* Info.plist */ = {isa = PBXFileReference; lastKnownFileType = text.plist.xml; path = Info.plist; sourceTree = "<group>"; };
		BA343FFA2179AAC1009DF8B8 /* main.m */ = {isa = PBXFileReference; lastKnownFileType = sourcecode.c.objc; path = main.m; sourceTree = "<group>"; };
		BA3440022179AB0E009DF8B8 /* DZStarView.m */ = {isa = PBXFileReference; fileEncoding = 4; lastKnownFileType = sourcecode.c.objc; path = DZStarView.m; sourceTree = "<group>"; };
		BA3440032179AB0E009DF8B8 /* DZStarView.h */ = {isa = PBXFileReference; fileEncoding = 4; lastKnownFileType = sourcecode.c.h; path = DZStarView.h; sourceTree = "<group>"; };
		BA3440052179AC11009DF8B8 /* redstar.png */ = {isa = PBXFileReference; lastKnownFileType = image.png; path = redstar.png; sourceTree = "<group>"; };
		BA3440072179AC1C009DF8B8 /* graystar.png */ = {isa = PBXFileReference; lastKnownFileType = image.png; path = graystar.png; sourceTree = "<group>"; };
/* End PBXFileReference section */

/* Begin PBXFrameworksBuildPhase section */
		BA343FE52179AABE009DF8B8 /* Frameworks */ = {
			isa = PBXFrameworksBuildPhase;
			buildActionMask = 2147483647;
			files = (
			);
			runOnlyForDeploymentPostprocessing = 0;
		};
/* End PBXFrameworksBuildPhase section */

/* Begin PBXGroup section */
		BA343FDF2179AABE009DF8B8 = {
			isa = PBXGroup;
			children = (
				BA343FEA2179AABE009DF8B8 /* DZStarViewDemo */,
				BA343FE92179AABE009DF8B8 /* Products */,
			);
			sourceTree = "<group>";
		};
		BA343FE92179AABE009DF8B8 /* Products */ = {
			isa = PBXGroup;
			children = (
				BA343FE82179AABE009DF8B8 /* DZStarViewDemo.app */,
			);
			name = Products;
			sourceTree = "<group>";
		};
		BA343FEA2179AABE009DF8B8 /* DZStarViewDemo */ = {
			isa = PBXGroup;
			children = (
				BA3440012179AACF009DF8B8 /* DZStarView */,
				BA343FEB2179AABE009DF8B8 /* AppDelegate.h */,
				BA343FEC2179AABE009DF8B8 /* AppDelegate.m */,
				BA343FEE2179AABE009DF8B8 /* ViewController.h */,
				BA343FEF2179AABE009DF8B8 /* ViewController.m */,
				BA343FF12179AABE009DF8B8 /* Main.storyboard */,
				BA343FF42179AAC1009DF8B8 /* Assets.xcassets */,
				BA343FF62179AAC1009DF8B8 /* LaunchScreen.storyboard */,
				BA343FF92179AAC1009DF8B8 /* Info.plist */,
				BA343FFA2179AAC1009DF8B8 /* main.m */,
			);
			path = DZStarViewDemo;
			sourceTree = "<group>";
		};
		BA3440012179AACF009DF8B8 /* DZStarView */ = {
			isa = PBXGroup;
			children = (
				BA3440072179AC1C009DF8B8 /* graystar.png */,
				BA3440052179AC11009DF8B8 /* redstar.png */,
				BA3440032179AB0E009DF8B8 /* DZStarView.h */,
				BA3440022179AB0E009DF8B8 /* DZStarView.m */,
			);
			path = DZStarView;
			sourceTree = "<group>";
		};
/* End PBXGroup section */

/* Begin PBXNativeTarget section */
		BA343FE72179AABE009DF8B8 /* DZStarViewDemo */ = {
			isa = PBXNativeTarget;
			buildConfigurationList = BA343FFE2179AAC1009DF8B8 /* Build configuration list for PBXNativeTarget "DZStarViewDemo" */;
			buildPhases = (
				BA343FE42179AABE009DF8B8 /* Sources */,
				BA343FE52179AABE009DF8B8 /* Frameworks */,
				BA343FE62179AABE009DF8B8 /* Resources */,
			);
			buildRules = (
			);
			dependencies = (
			);
			name = DZStarViewDemo;
			productName = DZStarViewDemo;
			productReference = BA343FE82179AABE009DF8B8 /* DZStarViewDemo.app */;
			productType = "com.apple.product-type.application";
		};
/* End PBXNativeTarget section */

/* Begin PBXProject section */
		BA343FE02179AABE009DF8B8 /* Project object */ = {
			isa = PBXProject;
			attributes = {
				LastUpgradeCheck = 1000;
				ORGANIZATIONNAME = Jemmy;
				TargetAttributes = {
					BA343FE72179AABE009DF8B8 = {
						CreatedOnToolsVersion = 10.0;
					};
				};
			};
			buildConfigurationList = BA343FE32179AABE009DF8B8 /* Build configuration list for PBXProject "DZStarViewDemo" */;
			compatibilityVersion = "Xcode 9.3";
			developmentRegion = en;
			hasScannedForEncodings = 0;
			knownRegions = (
				en,
				Base,
			);
			mainGroup = BA343FDF2179AABE009DF8B8;
			productRefGroup = BA343FE92179AABE009DF8B8 /* Products */;
			projectDirPath = "";
			projectRoot = "";
			targets = (
				BA343FE72179AABE009DF8B8 /* DZStarViewDemo */,
			);
		};
/* End PBXProject section */

/* Begin PBXResourcesBuildPhase section */
		BA343FE62179AABE009DF8B8 /* Resources */ = {
			isa = PBXResourcesBuildPhase;
			buildActionMask = 2147483647;
			files = (
				BA343FF82179AAC1009DF8B8 /* LaunchScreen.storyboard in Resources */,
				BA3440062179AC11009DF8B8 /* redstar.png in Resources */,
				BA343FF52179AAC1009DF8B8 /* Assets.xcassets in Resources */,
				BA3440082179AC1C009DF8B8 /* graystar.png in Resources */,
				BA343FF32179AABE009DF8B8 /* Main.storyboard in Resources */,
			);
			runOnlyForDeploymentPostprocessing = 0;
		};
/* End PBXResourcesBuildPhase section */

/* Begin PBXSourcesBuildPhase section */
		BA343FE42179AABE009DF8B8 /* Sources */ = {
			isa = PBXSourcesBuildPhase;
			buildActionMask = 2147483647;
			files = (
				BA343FF02179AABE009DF8B8 /* ViewController.m in Sources */,
				BA343FFB2179AAC1009DF8B8 /* main.m in Sources */,
				BA3440042179AB0E009DF8B8 /* DZStarView.m in Sources */,
				BA343FED2179AABE009DF8B8 /* AppDelegate.m in Sources */,
			);
			runOnlyForDeploymentPostprocessing = 0;
		};
/* End PBXSourcesBuildPhase section */

/* Begin PBXVariantGroup section */
		BA343FF12179AABE009DF8B8 /* Main.storyboard */ = {
			isa = PBXVariantGroup;
			children = (
				BA343FF22179AABE009DF8B8 /* Base */,
			);
			name = Main.storyboard;
			sourceTree = "<group>";
		};
		BA343FF62179AAC1009DF8B8 /* LaunchScreen.storyboard */ = {
			isa = PBXVariantGroup;
			children = (
				BA343FF72179AAC1009DF8B8 /* Base */,
			);
			name = LaunchScreen.storyboard;
			sourceTree = "<group>";
		};
/* End PBXVariantGroup section */

/* Begin XCBuildConfiguration section */
		BA343FFC2179AAC1009DF8B8 /* Debug */ = {
			isa = XCBuildConfiguration;
			buildSettings = {
				ALWAYS_SEARCH_USER_PATHS = NO;
				CLANG_ANALYZER_NONNULL = YES;
				CLANG_ANALYZER_NUMBER_OBJECT_CONVERSION = YES_AGGRESSIVE;
				CLANG_CXX_LANGUAGE_STANDARD = "gnu++14";
				CLANG_CXX_LIBRARY = "libc++";
				CLANG_ENABLE_MODULES = YES;
				CLANG_ENABLE_OBJC_ARC = YES;
				CLANG_ENABLE_OBJC_WEAK = YES;
				CLANG_WARN_BLOCK_CAPTURE_AUTORELEASING = YES;
				CLANG_WARN_BOOL_CONVERSION = YES;
				CLANG_WARN_COMMA = YES;
				CLANG_WARN_CONSTANT_CONVERSION = YES;
				CLANG_WARN_DEPRECATED_OBJC_IMPLEMENTATIONS = YES;
				CLANG_WARN_DIRECT_OBJC_ISA_USAGE = YES_ERROR;
				CLANG_WARN_DOCUMENTATION_COMMENTS = YES;
				CLANG_WARN_EMPTY_BODY = YES;
				CLANG_WARN_ENUM_CONVERSION = YES;
				CLANG_WARN_INFINITE_RECURSION = YES;
				CLANG_WARN_INT_CONVERSION = YES;
				CLANG_WARN_NON_LITERAL_NULL_CONVERSION = YES;
				CLANG_WARN_OBJC_IMPLICIT_RETAIN_SELF = YES;
				CLANG_WARN_OBJC_LITERAL_CONVERSION = YES;
				CLANG_WARN_OBJC_ROOT_CLASS = YES_ERROR;
				CLANG_WARN_RANGE_LOOP_ANALYSIS = YES;
				CLANG_WARN_STRICT_PROTOTYPES = YES;
				CLANG_WARN_SUSPICIOUS_MOVE = YES;
				CLANG_WARN_UNGUARDED_AVAILABILITY = YES_AGGRESSIVE;
				CLANG_WARN_UNREACHABLE_CODE = YES;
				CLANG_WARN__DUPLICATE_METHOD_MATCH = YES;
				CODE_SIGN_IDENTITY = "iPhone Developer";
				COPY_PHASE_STRIP = NO;
				DEBUG_INFORMATION_FORMAT = dwarf;
				ENABLE_STRICT_OBJC_MSGSEND = YES;
				ENABLE_TESTABILITY = YES;
				GCC_C_LANGUAGE_STANDARD = gnu11;
				GCC_DYNAMIC_NO_PIC = NO;
				GCC_NO_COMMON_BLOCKS = YES;
				GCC_OPTIMIZATION_LEVEL = 0;
				GCC_PREPROCESSOR_DEFINITIONS = (
					"DEBUG=1",
					"$(inherited)",
				);
				GCC_WARN_64_TO_32_BIT_CONVERSION = YES;
				GCC_WARN_ABOUT_RETURN_TYPE = YES_ERROR;
				GCC_WARN_UNDECLARED_SELECTOR = YES;
				GCC_WARN_UNINITIALIZED_AUTOS = YES_AGGRESSIVE;
				GCC_WARN_UNUSED_FUNCTION = YES;
				GCC_WARN_UNUSED_VARIABLE = YES;
				IPHONEOS_DEPLOYMENT_TARGET = 12.0;
				MTL_ENABLE_DEBUG_INFO = INCLUDE_SOURCE;
				MTL_FAST_MATH = YES;
				ONLY_ACTIVE_ARCH = YES;
				SDKROOT = iphoneos;
			};
			name = Debug;
		};
		BA343FFD2179AAC1009DF8B8 /* Release */ = {
			isa = XCBuildConfiguration;
			buildSettings = {
				ALWAYS_SEARCH_USER_PATHS = NO;
				CLANG_ANALYZER_NONNULL = YES;
				CLANG_ANALYZER_NUMBER_OBJECT_CONVERSION = YES_AGGRESSIVE;
				CLANG_CXX_LANGUAGE_STANDARD = "gnu++14";
				CLANG_CXX_LIBRARY = "libc++";
				CLANG_ENABLE_MODULES = YES;
				CLANG_ENABLE_OBJC_ARC = YES;
				CLANG_ENABLE_OBJC_WEAK = YES;
				CLANG_WARN_BLOCK_CAPTURE_AUTORELEASING = YES;
				CLANG_WARN_BOOL_CONVERSION = YES;
				CLANG_WARN_COMMA = YES;
				CLANG_WARN_CONSTANT_CONVERSION = YES;
				CLANG_WARN_DEPRECATED_OBJC_IMPLEMENTATIONS = YES;
				CLANG_WARN_DIRECT_OBJC_ISA_USAGE = YES_ERROR;
				CLANG_WARN_DOCUMENTATION_COMMENTS = YES;
				CLANG_WARN_EMPTY_BODY = YES;
				CLANG_WARN_ENUM_CONVERSION = YES;
				CLANG_WARN_INFINITE_RECURSION = YES;
				CLANG_WARN_INT_CONVERSION = YES;
				CLANG_WARN_NON_LITERAL_NULL_CONVERSION = YES;
				CLANG_WARN_OBJC_IMPLICIT_RETAIN_SELF = YES;
				CLANG_WARN_OBJC_LITERAL_CONVERSION = YES;
				CLANG_WARN_OBJC_ROOT_CLASS = YES_ERROR;
				CLANG_WARN_RANGE_LOOP_ANALYSIS = YES;
				CLANG_WARN_STRICT_PROTOTYPES = YES;
				CLANG_WARN_SUSPICIOUS_MOVE = YES;
				CLANG_WARN_UNGUARDED_AVAILABILITY = YES_AGGRESSIVE;
				CLANG_WARN_UNREACHABLE_CODE = YES;
				CLANG_WARN__DUPLICATE_METHOD_MATCH = YES;
				CODE_SIGN_IDENTITY = "iPhone Developer";
				COPY_PHASE_STRIP = NO;
				DEBUG_INFORMATION_FORMAT = "dwarf-with-dsym";
				ENABLE_NS_ASSERTIONS = NO;
				ENABLE_STRICT_OBJC_MSGSEND = YES;
				GCC_C_LANGUAGE_STANDARD = gnu11;
				GCC_NO_COMMON_BLOCKS = YES;
				GCC_WARN_64_TO_32_BIT_CONVERSION = YES;
				GCC_WARN_ABOUT_RETURN_TYPE = YES_ERROR;
				GCC_WARN_UNDECLARED_SELECTOR = YES;
				GCC_WARN_UNINITIALIZED_AUTOS = YES_AGGRESSIVE;
				GCC_WARN_UNUSED_FUNCTION = YES;
				GCC_WARN_UNUSED_VARIABLE = YES;
				IPHONEOS_DEPLOYMENT_TARGET = 12.0;
				MTL_ENABLE_DEBUG_INFO = NO;
				MTL_FAST_MATH = YES;
				SDKROOT = iphoneos;
				VALIDATE_PRODUCT = YES;
			};
			name = Release;
		};
		BA343FFF2179AAC1009DF8B8 /* Debug */ = {
			isa = XCBuildConfiguration;
			buildSettings = {
				ASSETCATALOG_COMPILER_APPICON_NAME = AppIcon;
				CODE_SIGN_STYLE = Automatic;
				DEVELOPMENT_TEAM = J329888YQ5;
				INFOPLIST_FILE = DZStarViewDemo/Info.plist;
				LD_RUNPATH_SEARCH_PATHS = (
					"$(inherited)",
					"@executable_path/Frameworks",
				);
				PRODUCT_BUNDLE_IDENTIFIER = com.chengdu.DZStarViewDemo;
				PRODUCT_NAME = "$(TARGET_NAME)";
				TARGETED_DEVICE_FAMILY = "1,2";
			};
			name = Debug;
		};
		BA3440002179AAC1009DF8B8 /* Release */ = {
			isa = XCBuildConfiguration;
			buildSettings = {
				ASSETCATALOG_COMPILER_APPICON_NAME = AppIcon;
				CODE_SIGN_STYLE = Automatic;
				DEVELOPMENT_TEAM = J329888YQ5;
				INFOPLIST_FILE = DZStarViewDemo/Info.plist;
				LD_RUNPATH_SEARCH_PATHS = (
					"$(inherited)",
					"@executable_path/Frameworks",
				);
				PRODUCT_BUNDLE_IDENTIFIER = com.chengdu.DZStarViewDemo;
				PRODUCT_NAME = "$(TARGET_NAME)";
				TARGETED_DEVICE_FAMILY = "1,2";
			};
			name = Release;
		};
/* End XCBuildConfiguration section */

/* Begin XCConfigurationList section */
		BA343FE32179AABE009DF8B8 /* Build configuration list for PBXProject "DZStarViewDemo" */ = {
			isa = XCConfigurationList;
			buildConfigurations = (
				BA343FFC2179AAC1009DF8B8 /* Debug */,
				BA343FFD2179AAC1009DF8B8 /* Release */,
			);
			defaultConfigurationIsVisible = 0;
			defaultConfigurationName = Release;
		};
		BA343FFE2179AAC1009DF8B8 /* Build configuration list for PBXNativeTarget "DZStarViewDemo" */ = {
			isa = XCConfigurationList;
			buildConfigurations = (
				BA343FFF2179AAC1009DF8B8 /* Debug */,
				BA3440002179AAC1009DF8B8 /* Release */,
			);
			defaultConfigurationIsVisible = 0;
			defaultConfigurationName = Release;
		};
/* End XCConfigurationList section */
	};
	rootObject = BA343FE02179AABE009DF8B8 /* Project object */;
}
